
Microsoft Visual Studio Solution File, Format Version 12.00
# Visual Studio Version 17
VisualStudioVersion = 17.0.32112.339
MinimumVisualStudioVersion = 10.0.40219.1
Project("{FAE04EC0-301F-11D3-BF4B-00C04F79EFBC}") = "GitHub Classroom Demo", "GitHub Classroom Demo\GitHub Classroom Demo.csproj", "{98E0D57D-4787-4118-A051-2DAD91A5C0EE}"
EndProject
Global
	GlobalSection(SolutionConfigurationPlatforms) = preSolution
		Debug|Any CPU = Debug|Any CPU
		Release|Any CPU = Release|Any CPU
	EndGlobalSection
	GlobalSection(ProjectConfigurationPlatforms) = postSolution
		{98E0D57D-4787-4118-A051-2DAD91A5C0EE}.Debug|Any CPU.ActiveCfg = Debug|Any CPU
		{98E0D57D-4787-4118-A051-2DAD91A5C0EE}.Debug|Any CPU.Build.0 = Debug|Any CPU
		{98E0D57D-4787-4118-A051-2DAD91A5C0EE}.Release|Any CPU.ActiveCfg = Release|Any CPU
		{98E0D57D-4787-4118-A051-2DAD91A5C0EE}.Release|Any CPU.Build.0 = Release|Any CPU
	EndGlobalSection
	GlobalSection(SolutionProperties) = preSolution
		HideSolutionNode = FALSE
	EndGlobalSection
	GlobalSection(ExtensibilityGlobals) = postSolution
		SolutionGuid = {C74FAFFE-AA6A-4A21-8E66-8EE794EF3CF5}
	EndGlobalSection
EndGlobal
